
Microsoft Visual Studio Solution File, Format Version 11.00
# Visual Studio 2010
Project("{FAE04EC0-301F-11D3-BF4B-00C04F79EFBC}") = "FixedAsset", "FixedAsset\FixedAsset.csproj", "{E469B980-01B6-4D5F-9EC3-9DDFF69F8075}"
EndProject
Project("{FAE04EC0-301F-11D3-BF4B-00C04F79EFBC}") = "DataAccess", "DataAccess\DataAccess.csproj", "{5B92AB03-61B5-43D8-9F55-08F8F1559A0D}"
EndProject
Project("{FAE04EC0-301F-11D3-BF4B-00C04F79EFBC}") = "Domain", "Domain\Domain.csproj", "{F5DD7FAD-9D4D-41DA-B40D-447ED6F6B8EC}"
EndProject
Project("{FAE04EC0-301F-11D3-BF4B-00C04F79EFBC}") = "Service", "Service\Service.csproj", "{1701AC38-1432-4E79-8E92-89CB37B35974}"
EndProject
Project("{FAE04EC0-301F-11D3-BF4B-00C04F79EFBC}") = "IService", "IService\IService.csproj", "{35DA92BA-E437-4573-9506-937E014C3EB0}"
EndProject
Project("{2150E333-8FDC-42A3-9474-1A3956D46DE8}") = "Dependencies", "Dependencies", "{D1FB0FDE-00FD-4F9B-8A5F-0651975B79E8}"
	ProjectSection(SolutionItems) = preProject
		Dependencies\AjaxControlToolkit.dll = Dependencies\AjaxControlToolkit.dll
		Dependencies\Castle.Core.dll = Dependencies\Castle.Core.dll
		Dependencies\Castle.DynamicProxy2.dll = Dependencies\Castle.DynamicProxy2.dll
		Dependencies\Castle.MicroKernel.dll = Dependencies\Castle.MicroKernel.dll
		Dependencies\Castle.Windsor.dll = Dependencies\Castle.Windsor.dll
		Dependencies\Enyim.Caching.dll = Dependencies\Enyim.Caching.dll
		Dependencies\ExcelLibrary.dll = Dependencies\ExcelLibrary.dll
		Dependencies\iKC.Web.dll = Dependencies\iKC.Web.dll
		Dependencies\KFSQ.Web.Controls.dll = Dependencies\KFSQ.Web.Controls.dll
		Dependencies\log4net.dll = Dependencies\log4net.dll
		Dependencies\SeallNet.CacheProvider.dll = Dependencies\SeallNet.CacheProvider.dll
		Dependencies\SeallNet.Data.dll = Dependencies\SeallNet.Data.dll
		Dependencies\SeallNet.Utility.dll = Dependencies\SeallNet.Utility.dll
		Dependencies\SeallNet.WebControls.dll = Dependencies\SeallNet.WebControls.dll
	EndProjectSection
EndProject
Global
	GlobalSection(SolutionConfigurationPlatforms) = preSolution
		Debug|Any CPU = Debug|Any CPU
		Debug|x86 = Debug|x86
		Release|Any CPU = Release|Any CPU
		Release|x86 = Release|x86
	EndGlobalSection
	GlobalSection(ProjectConfigurationPlatforms) = postSolution
		{E469B980-01B6-4D5F-9EC3-9DDFF69F8075}.Debug|Any CPU.ActiveCfg = Debug|Any CPU
		{E469B980-01B6-4D5F-9EC3-9DDFF69F8075}.Debug|Any CPU.Build.0 = Debug|Any CPU
		{E469B980-01B6-4D5F-9EC3-9DDFF69F8075}.Debug|x86.ActiveCfg = Debug|x86
		{E469B980-01B6-4D5F-9EC3-9DDFF69F8075}.Debug|x86.Build.0 = Debug|x86
		{E469B980-01B6-4D5F-9EC3-9DDFF69F8075}.Release|Any CPU.ActiveCfg = Release|Any CPU
		{E469B980-01B6-4D5F-9EC3-9DDFF69F8075}.Release|Any CPU.Build.0 = Release|Any CPU
		{E469B980-01B6-4D5F-9EC3-9DDFF69F8075}.Release|x86.ActiveCfg = Release|x86
		{E469B980-01B6-4D5F-9EC3-9DDFF69F8075}.Release|x86.Build.0 = Release|x86
		{5B92AB03-61B5-43D8-9F55-08F8F1559A0D}.Debug|Any CPU.ActiveCfg = Debug|Any CPU
		{5B92AB03-61B5-43D8-9F55-08F8F1559A0D}.Debug|Any CPU.Build.0 = Debug|Any CPU
		{5B92AB03-61B5-43D8-9F55-08F8F1559A0D}.Debug|x86.ActiveCfg = Debug|x86
		{5B92AB03-61B5-43D8-9F55-08F8F1559A0D}.Debug|x86.Build.0 = Debug|x86
		{5B92AB03-61B5-43D8-9F55-08F8F1559A0D}.Release|Any CPU.ActiveCfg = Release|Any CPU
		{5B92AB03-61B5-43D8-9F55-08F8F1559A0D}.Release|Any CPU.Build.0 = Release|Any CPU
		{5B92AB03-61B5-43D8-9F55-08F8F1559A0D}.Release|x86.ActiveCfg = Release|x86
		{5B92AB03-61B5-43D8-9F55-08F8F1559A0D}.Release|x86.Build.0 = Release|x86
		{F5DD7FAD-9D4D-41DA-B40D-447ED6F6B8EC}.Debug|Any CPU.ActiveCfg = Debug|Any CPU
		{F5DD7FAD-9D4D-41DA-B40D-447ED6F6B8EC}.Debug|Any CPU.Build.0 = Debug|Any CPU
		{F5DD7FAD-9D4D-41DA-B40D-447ED6F6B8EC}.Debug|x86.ActiveCfg = Debug|x86
		{F5DD7FAD-9D4D-41DA-B40D-447ED6F6B8EC}.Debug|x86.Build.0 = Debug|x86
		{F5DD7FAD-9D4D-41DA-B40D-447ED6F6B8EC}.Release|Any CPU.ActiveCfg = Release|Any CPU
		{F5DD7FAD-9D4D-41DA-B40D-447ED6F6B8EC}.Release|Any CPU.Build.0 = Release|Any CPU
		{F5DD7FAD-9D4D-41DA-B40D-447ED6F6B8EC}.Release|x86.ActiveCfg = Release|x86
		{F5DD7FAD-9D4D-41DA-B40D-447ED6F6B8EC}.Release|x86.Build.0 = Release|x86
		{1701AC38-1432-4E79-8E92-89CB37B35974}.Debug|Any CPU.ActiveCfg = Debug|Any CPU
		{1701AC38-1432-4E79-8E92-89CB37B35974}.Debug|Any CPU.Build.0 = Debug|Any CPU
		{1701AC38-1432-4E79-8E92-89CB37B35974}.Debug|x86.ActiveCfg = Debug|x86
		{1701AC38-1432-4E79-8E92-89CB37B35974}.Debug|x86.Build.0 = Debug|x86
		{1701AC38-1432-4E79-8E92-89CB37B35974}.Release|Any CPU.ActiveCfg = Release|Any CPU
		{1701AC38-1432-4E79-8E92-89CB37B35974}.Release|Any CPU.Build.0 = Release|Any CPU
		{1701AC38-1432-4E79-8E92-89CB37B35974}.Release|x86.ActiveCfg = Release|x86
		{1701AC38-1432-4E79-8E92-89CB37B35974}.Release|x86.Build.0 = Release|x86
		{35DA92BA-E437-4573-9506-937E014C3EB0}.Debug|Any CPU.ActiveCfg = Debug|Any CPU
		{35DA92BA-E437-4573-9506-937E014C3EB0}.Debug|Any CPU.Build.0 = Debug|Any CPU
		{35DA92BA-E437-4573-9506-937E014C3EB0}.Debug|x86.ActiveCfg = Debug|x86
		{35DA92BA-E437-4573-9506-937E014C3EB0}.Debug|x86.Build.0 = Debug|x86
		{35DA92BA-E437-4573-9506-937E014C3EB0}.Release|Any CPU.ActiveCfg = Release|Any CPU
		{35DA92BA-E437-4573-9506-937E014C3EB0}.Release|Any CPU.Build.0 = Release|Any CPU
		{35DA92BA-E437-4573-9506-937E014C3EB0}.Release|x86.ActiveCfg = Release|x86
		{35DA92BA-E437-4573-9506-937E014C3EB0}.Release|x86.Build.0 = Release|x86
	EndGlobalSection
	GlobalSection(SolutionProperties) = preSolution
		HideSolutionNode = FALSE
	EndGlobalSection
EndGlobal
